
Microsoft Visual Studio Solution File, Format Version 12.00
# Visual Studio 15
VisualStudioVersion = 15.0.26430.14
MinimumVisualStudioVersion = 10.0.40219.1
Project("{2150E333-8FDC-42A3-9474-1A3956D46DE8}") = "0-Apresentacao", "0-Apresentacao", "{F0020DFE-D166-4EB8-975E-E6DC02DB6C6D}"
EndProject
Project("{2150E333-8FDC-42A3-9474-1A3956D46DE8}") = "2-Application", "2-Application", "{0CB4E775-17A7-4174-B547-3E72C23C962F}"
EndProject
Project("{2150E333-8FDC-42A3-9474-1A3956D46DE8}") = "3-Domain", "3-Domain", "{7D42AD0B-B12E-4279-B691-EB08308ADE4B}"
EndProject
Project("{2150E333-8FDC-42A3-9474-1A3956D46DE8}") = "4-Infra", "4-Infra", "{E160205F-B2EC-426F-AA65-860E7AD4E6A6}"
EndProject
Project("{2150E333-8FDC-42A3-9474-1A3956D46DE8}") = "4.1-Data", "4.1-Data", "{CA0723CE-1252-47B3-96F2-8092CA8078EC}"
EndProject
Project("{2150E333-8FDC-42A3-9474-1A3956D46DE8}") = "4.2-CrossCutting", "4.2-CrossCutting", "{0334028E-BEB7-4774-93D2-C847BE4C40EF}"
EndProject
Project("{FAE04EC0-301F-11D3-BF4B-00C04F79EFBC}") = "ProjetoModelo.Domain", "ProjetoModelo.Domain\ProjetoModelo.Domain.csproj", "{64F7CF93-6336-40D1-99A0-C4F21A4B70F2}"
EndProject
Project("{FAE04EC0-301F-11D3-BF4B-00C04F79EFBC}") = "ProjetoModelo.Infra.Data.Dapper", "ProjetoModelo.Infra.Data.Dapper\ProjetoModelo.Infra.Data.Dapper.csproj", "{60815D34-D0A4-44C5-B5D0-40EDC8F5EFD8}"
EndProject
Project("{FAE04EC0-301F-11D3-BF4B-00C04F79EFBC}") = "ProjetoModelo.Infra.Data.EF", "ProjetoModelo.Infra.Data.EF\ProjetoModelo.Infra.Data.EF.csproj", "{59EE0515-2CC3-494A-A141-DA09FE76439C}"
EndProject
Project("{FAE04EC0-301F-11D3-BF4B-00C04F79EFBC}") = "ProjetoModelo.ConsoleAppTeste", "ProjetoModelo.ConsoleAppTeste\ProjetoModelo.ConsoleAppTeste.csproj", "{EFDF892C-E987-45EC-8FF0-2E910916B371}"
EndProject
Project("{FAE04EC0-301F-11D3-BF4B-00C04F79EFBC}") = "ProjetoModelo.MVC", "ProjetoModelo.MVC\ProjetoModelo.MVC.csproj", "{4C0F0212-6089-4234-99C8-BB9BDA201B25}"
EndProject
Project("{FAE04EC0-301F-11D3-BF4B-00C04F79EFBC}") = "ProjetoModelo.Application", "ProjetoModelo.Application\ProjetoModelo.Application.csproj", "{5EB13E80-6612-4722-A752-0B56FCBBCC50}"
EndProject
Project("{FAE04EC0-301F-11D3-BF4B-00C04F79EFBC}") = "ProjetoModelo.Infra.CrossCutting.IoC", "ProjetoModelo.Infra.CrossCutting.IoC\ProjetoModelo.Infra.CrossCutting.IoC.csproj", "{5783A681-FF05-48A0-BB0A-3BEA0C7242E9}"
EndProject
Global
	GlobalSection(SolutionConfigurationPlatforms) = preSolution
		Debug|Any CPU = Debug|Any CPU
		Debug|x86 = Debug|x86
		Release|Any CPU = Release|Any CPU
		Release|x86 = Release|x86
	EndGlobalSection
	GlobalSection(ProjectConfigurationPlatforms) = postSolution
		{64F7CF93-6336-40D1-99A0-C4F21A4B70F2}.Debug|Any CPU.ActiveCfg = Debug|Any CPU
		{64F7CF93-6336-40D1-99A0-C4F21A4B70F2}.Debug|Any CPU.Build.0 = Debug|Any CPU
		{64F7CF93-6336-40D1-99A0-C4F21A4B70F2}.Debug|x86.ActiveCfg = Debug|Any CPU
		{64F7CF93-6336-40D1-99A0-C4F21A4B70F2}.Debug|x86.Build.0 = Debug|Any CPU
		{64F7CF93-6336-40D1-99A0-C4F21A4B70F2}.Release|Any CPU.ActiveCfg = Release|Any CPU
		{64F7CF93-6336-40D1-99A0-C4F21A4B70F2}.Release|Any CPU.Build.0 = Release|Any CPU
		{64F7CF93-6336-40D1-99A0-C4F21A4B70F2}.Release|x86.ActiveCfg = Release|Any CPU
		{64F7CF93-6336-40D1-99A0-C4F21A4B70F2}.Release|x86.Build.0 = Release|Any CPU
		{60815D34-D0A4-44C5-B5D0-40EDC8F5EFD8}.Debug|Any CPU.ActiveCfg = Debug|Any CPU
		{60815D34-D0A4-44C5-B5D0-40EDC8F5EFD8}.Debug|Any CPU.Build.0 = Debug|Any CPU
		{60815D34-D0A4-44C5-B5D0-40EDC8F5EFD8}.Debug|x86.ActiveCfg = Debug|Any CPU
		{60815D34-D0A4-44C5-B5D0-40EDC8F5EFD8}.Debug|x86.Build.0 = Debug|Any CPU
		{60815D34-D0A4-44C5-B5D0-40EDC8F5EFD8}.Release|Any CPU.ActiveCfg = Release|Any CPU
		{60815D34-D0A4-44C5-B5D0-40EDC8F5EFD8}.Release|Any CPU.Build.0 = Release|Any CPU
		{60815D34-D0A4-44C5-B5D0-40EDC8F5EFD8}.Release|x86.ActiveCfg = Release|Any CPU
		{60815D34-D0A4-44C5-B5D0-40EDC8F5EFD8}.Release|x86.Build.0 = Release|Any CPU
		{59EE0515-2CC3-494A-A141-DA09FE76439C}.Debug|Any CPU.ActiveCfg = Debug|Any CPU
		{59EE0515-2CC3-494A-A141-DA09FE76439C}.Debug|Any CPU.Build.0 = Debug|Any CPU
		{59EE0515-2CC3-494A-A141-DA09FE76439C}.Debug|x86.ActiveCfg = Debug|Any CPU
		{59EE0515-2CC3-494A-A141-DA09FE76439C}.Debug|x86.Build.0 = Debug|Any CPU
		{59EE0515-2CC3-494A-A141-DA09FE76439C}.Release|Any CPU.ActiveCfg = Release|Any CPU
		{59EE0515-2CC3-494A-A141-DA09FE76439C}.Release|Any CPU.Build.0 = Release|Any CPU
		{59EE0515-2CC3-494A-A141-DA09FE76439C}.Release|x86.ActiveCfg = Release|Any CPU
		{59EE0515-2CC3-494A-A141-DA09FE76439C}.Release|x86.Build.0 = Release|Any CPU
		{EFDF892C-E987-45EC-8FF0-2E910916B371}.Debug|Any CPU.ActiveCfg = Debug|Any CPU
		{EFDF892C-E987-45EC-8FF0-2E910916B371}.Debug|Any CPU.Build.0 = Debug|Any CPU
		{EFDF892C-E987-45EC-8FF0-2E910916B371}.Debug|x86.ActiveCfg = Debug|Any CPU
		{EFDF892C-E987-45EC-8FF0-2E910916B371}.Debug|x86.Build.0 = Debug|Any CPU
		{EFDF892C-E987-45EC-8FF0-2E910916B371}.Release|Any CPU.ActiveCfg = Release|Any CPU
		{EFDF892C-E987-45EC-8FF0-2E910916B371}.Release|Any CPU.Build.0 = Release|Any CPU
		{EFDF892C-E987-45EC-8FF0-2E910916B371}.Release|x86.ActiveCfg = Release|Any CPU
		{EFDF892C-E987-45EC-8FF0-2E910916B371}.Release|x86.Build.0 = Release|Any CPU
		{4C0F0212-6089-4234-99C8-BB9BDA201B25}.Debug|Any CPU.ActiveCfg = Debug|Any CPU
		{4C0F0212-6089-4234-99C8-BB9BDA201B25}.Debug|Any CPU.Build.0 = Debug|Any CPU
		{4C0F0212-6089-4234-99C8-BB9BDA201B25}.Debug|x86.ActiveCfg = Debug|Any CPU
		{4C0F0212-6089-4234-99C8-BB9BDA201B25}.Debug|x86.Build.0 = Debug|Any CPU
		{4C0F0212-6089-4234-99C8-BB9BDA201B25}.Release|Any CPU.ActiveCfg = Release|Any CPU
		{4C0F0212-6089-4234-99C8-BB9BDA201B25}.Release|Any CPU.Build.0 = Release|Any CPU
		{4C0F0212-6089-4234-99C8-BB9BDA201B25}.Release|x86.ActiveCfg = Release|Any CPU
		{4C0F0212-6089-4234-99C8-BB9BDA201B25}.Release|x86.Build.0 = Release|Any CPU
		{5EB13E80-6612-4722-A752-0B56FCBBCC50}.Debug|Any CPU.ActiveCfg = Debug|Any CPU
		{5EB13E80-6612-4722-A752-0B56FCBBCC50}.Debug|Any CPU.Build.0 = Debug|Any CPU
		{5EB13E80-6612-4722-A752-0B56FCBBCC50}.Debug|x86.ActiveCfg = Debug|Any CPU
		{5EB13E80-6612-4722-A752-0B56FCBBCC50}.Debug|x86.Build.0 = Debug|Any CPU
		{5EB13E80-6612-4722-A752-0B56FCBBCC50}.Release|Any CPU.ActiveCfg = Release|Any CPU
		{5EB13E80-6612-4722-A752-0B56FCBBCC50}.Release|Any CPU.Build.0 = Release|Any CPU
		{5EB13E80-6612-4722-A752-0B56FCBBCC50}.Release|x86.ActiveCfg = Release|Any CPU
		{5EB13E80-6612-4722-A752-0B56FCBBCC50}.Release|x86.Build.0 = Release|Any CPU
		{5783A681-FF05-48A0-BB0A-3BEA0C7242E9}.Debug|Any CPU.ActiveCfg = Debug|Any CPU
		{5783A681-FF05-48A0-BB0A-3BEA0C7242E9}.Debug|Any CPU.Build.0 = Debug|Any CPU
		{5783A681-FF05-48A0-BB0A-3BEA0C7242E9}.Debug|x86.ActiveCfg = Debug|Any CPU
		{5783A681-FF05-48A0-BB0A-3BEA0C7242E9}.Debug|x86.Build.0 = Debug|Any CPU
		{5783A681-FF05-48A0-BB0A-3BEA0C7242E9}.Release|Any CPU.ActiveCfg = Release|Any CPU
		{5783A681-FF05-48A0-BB0A-3BEA0C7242E9}.Release|Any CPU.Build.0 = Release|Any CPU
		{5783A681-FF05-48A0-BB0A-3BEA0C7242E9}.Release|x86.ActiveCfg = Release|Any CPU
		{5783A681-FF05-48A0-BB0A-3BEA0C7242E9}.Release|x86.Build.0 = Release|Any CPU
	EndGlobalSection
	GlobalSection(SolutionProperties) = preSolution
		HideSolutionNode = FALSE
	EndGlobalSection
	GlobalSection(NestedProjects) = preSolution
		{CA0723CE-1252-47B3-96F2-8092CA8078EC} = {E160205F-B2EC-426F-AA65-860E7AD4E6A6}
		{0334028E-BEB7-4774-93D2-C847BE4C40EF} = {E160205F-B2EC-426F-AA65-860E7AD4E6A6}
		{64F7CF93-6336-40D1-99A0-C4F21A4B70F2} = {7D42AD0B-B12E-4279-B691-EB08308ADE4B}
		{60815D34-D0A4-44C5-B5D0-40EDC8F5EFD8} = {CA0723CE-1252-47B3-96F2-8092CA8078EC}
		{59EE0515-2CC3-494A-A141-DA09FE76439C} = {CA0723CE-1252-47B3-96F2-8092CA8078EC}
		{EFDF892C-E987-45EC-8FF0-2E910916B371} = {F0020DFE-D166-4EB8-975E-E6DC02DB6C6D}
		{4C0F0212-6089-4234-99C8-BB9BDA201B25} = {F0020DFE-D166-4EB8-975E-E6DC02DB6C6D}
		{5EB13E80-6612-4722-A752-0B56FCBBCC50} = {0CB4E775-17A7-4174-B547-3E72C23C962F}
		{5783A681-FF05-48A0-BB0A-3BEA0C7242E9} = {0334028E-BEB7-4774-93D2-C847BE4C40EF}
	EndGlobalSection
EndGlobal
